
Microsoft Visual Studio Solution File, Format Version 12.00
# Visual Studio 15
Project("{FAE04EC0-301F-11D3-BF4B-00C04F79EFBC}") = "Projekt1", "Projekt1\Projekt1.csproj", "{EE7F2E60-5CD4-470D-A50A-9157BD31943A}"
EndProject
Project("{FAE04EC0-301F-11D3-BF4B-00C04F79EFBC}") = "StudentDiary", "StudentDiary\StudentDiary.csproj", "{A72F7A6A-052C-4F2A-8106-9B2218BC777B}"
EndProject
Global
	GlobalSection(SolutionConfigurationPlatforms) = preSolution
		Debug|Any CPU = Debug|Any CPU
		Release|Any CPU = Release|Any CPU
	EndGlobalSection
	GlobalSection(ProjectConfigurationPlatforms) = postSolution
		{EE7F2E60-5CD4-470D-A50A-9157BD31943A}.Debug|Any CPU.ActiveCfg = Debug|Any CPU
		{EE7F2E60-5CD4-470D-A50A-9157BD31943A}.Debug|Any CPU.Build.0 = Debug|Any CPU
		{EE7F2E60-5CD4-470D-A50A-9157BD31943A}.Release|Any CPU.ActiveCfg = Release|Any CPU
		{EE7F2E60-5CD4-470D-A50A-9157BD31943A}.Release|Any CPU.Build.0 = Release|Any CPU
		{A72F7A6A-052C-4F2A-8106-9B2218BC777B}.Debug|Any CPU.ActiveCfg = Debug|Any CPU
		{A72F7A6A-052C-4F2A-8106-9B2218BC777B}.Debug|Any CPU.Build.0 = Debug|Any CPU
		{A72F7A6A-052C-4F2A-8106-9B2218BC777B}.Release|Any CPU.ActiveCfg = Release|Any CPU
		{A72F7A6A-052C-4F2A-8106-9B2218BC777B}.Release|Any CPU.Build.0 = Release|Any CPU
	EndGlobalSection
	GlobalSection(MonoDevelopProperties) = preSolution
		Policies = $0
		$0.VersionControlPolicy = $1
	EndGlobalSection
EndGlobal
